
Microsoft Visual Studio Solution File, Format Version 12.00
# Visual Studio Version 17
VisualStudioVersion = 17.7.34024.191
MinimumVisualStudioVersion = 10.0.40219.1
Project("{9A19103F-16F7-4668-BE54-9A1E7A4F7556}") = "FrmView", "FrmView\FrmView.csproj", "{F184520D-0EDD-4BAE-AD2E-B55BB1763CC0}"
EndProject
Project("{FAE04EC0-301F-11D3-BF4B-00C04F79EFBC}") = "Entidades", "Entidades\Entidades.csproj", "{F781F697-7BC2-4FF7-B821-EC8ACAEC6FBF}"
EndProject
Global
	GlobalSection(SolutionConfigurationPlatforms) = preSolution
		Debug|Any CPU = Debug|Any CPU
		Release|Any CPU = Release|Any CPU
	EndGlobalSection
	GlobalSection(ProjectConfigurationPlatforms) = postSolution
		{F184520D-0EDD-4BAE-AD2E-B55BB1763CC0}.Debug|Any CPU.ActiveCfg = Debug|Any CPU
		{F184520D-0EDD-4BAE-AD2E-B55BB1763CC0}.Debug|Any CPU.Build.0 = Debug|Any CPU
		{F184520D-0EDD-4BAE-AD2E-B55BB1763CC0}.Release|Any CPU.ActiveCfg = Release|Any CPU
		{F184520D-0EDD-4BAE-AD2E-B55BB1763CC0}.Release|Any CPU.Build.0 = Release|Any CPU
		{F781F697-7BC2-4FF7-B821-EC8ACAEC6FBF}.Debug|Any CPU.ActiveCfg = Debug|Any CPU
		{F781F697-7BC2-4FF7-B821-EC8ACAEC6FBF}.Debug|Any CPU.Build.0 = Debug|Any CPU
		{F781F697-7BC2-4FF7-B821-EC8ACAEC6FBF}.Release|Any CPU.ActiveCfg = Release|Any CPU
		{F781F697-7BC2-4FF7-B821-EC8ACAEC6FBF}.Release|Any CPU.Build.0 = Release|Any CPU
	EndGlobalSection
	GlobalSection(SolutionProperties) = preSolution
		HideSolutionNode = FALSE
	EndGlobalSection
	GlobalSection(ExtensibilityGlobals) = postSolution
		SolutionGuid = {FEA73755-35BA-458F-9040-7E7C475C41FE}
	EndGlobalSection
EndGlobal
